{
  "version": 4,
  "terraform_version": "0.12.3",
  "serial": 307,
  "lineage": "764bfcce-0b44-ec9a-6bb0-44e54de6ff83",
  "outputs": {},
  "resources": [
    {
      "module": "module.ms",
      "mode": "data",
      "type": "azurerm_subscription",
      "name": "primary",
      "provider": "module.ms.provider.azurerm",
      "instances": [
        {
          "schema_version": 0,
          "attributes": {
            "display_name": "Windows Azure MSDN - Visual Studio Ultimate",
            "id": "/subscriptions/d9088b39-16b7-4471-a14c-10eb1e52d2de",
            "location_placement_id": "Public_2014-09-01",
            "quota_id": "PayAsYouGo_2014-09-01",
            "spending_limit": "Off",
            "state": "Enabled",
            "subscription_id": "d9088b39-16b7-4471-a14c-10eb1e52d2de"
          }
        }
      ]
    },
    {
      "module": "module.efk",
      "mode": "data",
      "type": "azurerm_subscription",
      "name": "primary",
      "provider": "module.efk.provider.azurerm",
      "instances": [
        {
          "schema_version": 0,
          "attributes": {
            "display_name": "Windows Azure MSDN - Visual Studio Ultimate",
            "id": "/subscriptions/d9088b39-16b7-4471-a14c-10eb1e52d2de",
            "location_placement_id": "Public_2014-09-01",
            "quota_id": "PayAsYouGo_2014-09-01",
            "spending_limit": "Off",
            "state": "Enabled",
            "subscription_id": "d9088b39-16b7-4471-a14c-10eb1e52d2de"
          }
        }
      ]
    },
    {
      "module": "module.ms",
      "mode": "data",
      "type": "helm_repository",
      "name": "stable",
      "provider": "module.ms.provider.helm",
      "instances": [
        {
          "schema_version": 0,
          "attributes": {
            "ca_file": null,
            "cert_file": null,
            "id": "stable",
            "key_file": null,
            "metadata": [
              {
                "name": "stable",
                "url": "https://kubernetes-charts.storage.googleapis.com"
              }
            ],
            "name": "stable",
            "password": null,
            "url": "https://kubernetes-charts.storage.googleapis.com",
            "username": null
          }
        }
      ]
    },
    {
      "module": "module.efk",
      "mode": "data",
      "type": "helm_repository",
      "name": "stable",
      "provider": "module.efk.provider.helm",
      "instances": [
        {
          "schema_version": 0,
          "attributes": {
            "ca_file": null,
            "cert_file": null,
            "id": "stable",
            "key_file": null,
            "metadata": [
              {
                "name": "stable",
                "url": "https://kubernetes-charts.storage.googleapis.com"
              }
            ],
            "name": "stable",
            "password": null,
            "url": "https://kubernetes-charts.storage.googleapis.com",
            "username": null
          }
        }
      ]
    },
    {
      "module": "module.ms",
      "mode": "managed",
      "type": "acme_registration",
      "name": "reg",
      "provider": "module.ms.provider.acme",
      "instances": [
        {
          "schema_version": 1,
          "attributes": {
            "account_key_pem": "-----BEGIN RSA PRIVATE KEY-----\nMIIEpAIBAAKCAQEAzmMavgzQhJs606Q+C+YUMdJH5nfj9D7/6vwl0rPJ3u3kNqGn\n7xg4pjUFleQ+vcaNAc5a+fnthBfb4oWlSBuZnNOhqaOxnJAhBs7rZH7ITRYYTPYL\nVSIRs36ha6T1K4CpbU3TdBhp9NX5WwlfIusHASh6m/IHcLhKuLPu4X9sJ4avgRX/\nZ6QCiO5Stjh1AYYFG6T66zi5QjtkFNZrZwYZg9zG16jBBdj27+bZfOsDqHlirL44\nWN7T4BN0wleNiUM5EpRmapeESghUkrIzgFUrHW3PDpvg8XM3yyJg85DpFce6SDxQ\nMynNsckcGEZSRunBtGdXnRgCHzArIiGihumgeQIDAQABAoIBAAjmSR7s2oj9UJoT\nuQE2WKSVVrhfbxr3JH3zhYYCbrAIPhEFA4LR3o98NdNy1inEyAvN5CpnVpCdnsOz\n0566YfNbRNtVzbDcni/2+DuLJAP+8elPqslvAKhmy3siz9eiYqvt8TJOYzNFjs0Y\nKFwPGmw4XKEg3KVFrSMtzx02K2nA1zTjKobQglXJzvvPXtvo1I4U4YbRHn+LK5+J\nTrx0tpoLQIQzrQHroMUHQsTkvoYjk/r/3psADinUVMRtNrSRaYqO9RGYEm39h7nq\nVgw0mWhISsuwIg/oiOj3scJhdzho1EYSfTMXq5uzamSXdlZy7k6t5yqctrf9lfmz\nqxWAMGkCgYEA3A4yZyDgUCFLZB9CrT3Hdf0k3heWqpCkg2FoROPYIguaqXtNlUwi\nvlev10BemVaA4t0M0qu9JY2FV1ikaWdislO+Lm12Q4AJDybuYHTuzNrsn+nHmuSZ\n5fMSyMaKpFBc1HPo8PGCQ6SxdA0VOqzZ9ow4nzWklm0iktN19I1+GmMCgYEA8Bla\n3GZgTxgWc5tGtHGzSL2ffchXebU+LXR6chVv/+qXwnXiZhmtR+9bcXa/6/YbF8O/\nvuqrz9mqr7vGD9xLlzwqIuwtY8AJQu9KzY9q7sHl0dczxn/XQK1uGhJH49qcS+4q\nIVUkfIUeWfTrnjkErGR+oeRKiSnINUTrYcZlAnMCgYEAwax9D+cPhXbIM8aPmInX\nEzFJUW7RXC0RndANRRSDFPPBm4i6L7xil8P1Ly2oFKzdos2Ki6A7SOHViZqqmVo0\ns16g85vDioUVdBB/nMVNp17HA7dtxhWMnaXh0nNrclKIYTPiwKzOSVqaE9mv5YRc\nEXI4I2fDA+Hpm/Ag0Kv3YKECgYEAkcQS8bQFzH8nQlCHAI329raI2eiDkxSCBz6s\nCA8TzB80u46uQKZeGUosDhq2Mh9cG3VwOAxo+ut/QOmTOZXZHpwcSM9yTxkLhmOY\n2muz0/hL+rXYbS64FEA2lAV9N8xFD6QsV8hFOoPnBV44nfqn57GrX8Ylqlh/gDez\nX8z/DhkCgYAGX4+ikr4JkgI3xUQULrI/we2tWv1nA7EnX/kaxVE5ifsKvuuG/gMb\ne1PEH5dFFKJrKjM1863jSXbCHnMnwA91nHghEd8MNKFxUcKpL3d5JZOiwM9e6b/X\nbEy9XUzP4iBObPQe2wcUxSHFBLO97CwW3sFHogKlciOoO2TSdvIrFA==\n-----END RSA PRIVATE KEY-----\n",
            "email_address": "nabeel@relliks.com",
            "id": "https://acme-staging-v02.api.letsencrypt.org/acme/acct/9918235",
            "registration_url": "https://acme-staging-v02.api.letsencrypt.org/acme/acct/9918235"
          },
          "private": "eyJzY2hlbWFfdmVyc2lvbiI6IjEifQ==",
          "depends_on": [
            "tls_private_key.reg_private_key"
          ]
        }
      ]
    },
    {
      "module": "module.efk",
      "mode": "managed",
      "type": "acme_registration",
      "name": "reg",
      "provider": "module.efk.provider.acme",
      "instances": [
        {
          "schema_version": 1,
          "attributes": {
            "account_key_pem": "-----BEGIN RSA PRIVATE KEY-----\nMIIEpAIBAAKCAQEAwJlFu9uls3Yq6OF4GVQOMN70gV56Gla68x7SjQ193inCGd44\nhRr4jYmSZEcjmoOgT0O4EIyiBcS8+g/4a3+efgKUTF0t+55a3VT1ob+zctopaFqh\nzP9lha8jFPMN5zazhsBQRbYPEfTCgl014MvoTigDW/c7lcjc2KxlX/FoAhkhgsv3\nt76jBKVwyYet6idb8Rx+qUPHS6S4Vsfq0KLXo1Vb1/NR6BNxyiR4os7wGqnWtkVr\nua5o86qxG5ehLeqWuSMFihMwHGnVgewGe6zTlOyjIsHpsVYpAEeTJZGY2tOHr2+T\nIOXg/CCTk5N/Upc+Kv1oekA5DLEqe/nnhQ+ADQIDAQABAoIBAQCH+7AAs1SLISOq\nyYbCW1apqsF3lf0gG5xji5+dd6km8tTY7s15LVHQnRF/O7snnUfSrz2GccTzzbSf\n2ibLv49n6OpMAH426de97f5/9Zn9vYr+4v7afnhvqvhaEkH+veCDg8UpcyGwy9+J\nq8YesdmTVS0KAcVQPEGxugbZdti4oUtcKG645if5AnLtfkqvzk0uqkMgfXE89Pj+\nK6k0SPYDBqZGvcpQVLGD/FRpe45+G4GqTnJGtKg09NzHuTeccgAM2lNSGmqwQEfH\n063tz0vNqznvNpqoWrI9XcO/y9r/0Aoz3+/porKeHkPSk7hKphOCXdi4wF4E0/sg\nblOar4UBAoGBAO8pL4B//KTYEiIyVeabGZiMQp9ErkEGUX2v7gJmJjcNjCx+c2Vr\nhh7EjM9wjoBTzXH9rWEURfrxxTMsAf8qIVgfzScN2doQbpB0WN71vYm01dpUjvQ6\nSl0HClZoszE7lfNZgvqiLyXG6mCjfyoSb0wO0mQ7YNfGqe+OXLZ2iGgzAoGBAM4o\n0M8zCgsaSFpdNQIvZwIVOvgeeRmZYoKZ5sp/GZrafvQk5XNQHtdPshT7R+qtfSWp\noibbA0HfCSfpzCo3QGly8ucXaYI/cIOuLOHC2hQ/vYOdEURA7kLPuSi+6Cu3yb1j\nJWeUNbCUuFAOZmtjwAiMI25YOkCrX2V7XvCQdTa/AoGBAIxsUkfQ3jar53nMtENC\nrjSzpip92RK08wQpWEZwU9/fRH6bgIX8LDPElCj4nbMbgXV8zWBC1xQRAQiavlFk\nG0/y3DIiH9e57jFDHytKfo9sbmRTYdxknWUhzSAPOaeepNzNoeoncCduNA+p7/B0\nAoVV7pKLisEnFIBjxmwcDNuhAoGAfGCtkcQ2M/qYWkRPfdEBcYVDfXxNDX+3qhmV\n3ueNmBpoa31zHP3ijX4cb4ImolQm47kTBiQuM+iOypDIR1PsPXJHT9qVIiqKBDfq\nBg6bqYnHGYeCak5OMOrHx+hdhDqusN8HKxWEytL+2/XEHtggfEen/KOoCWoa9MvY\nvIQ641sCgYAl60LTaSMQDI69K3ZrGk+fXxrpYXIMlte+u/5qg7i/i63i4iXrvvY7\nNjBjR89bZfrKv8hLPcXpqLtqbCxBA7CK9Yv2teEkUcrryosh/dRsBrdPMKSCjcRg\nGhUjxoZl4oVKvnvDvfxf0fVFaCcH/8V9dSoUGbrhXupnos3+nb2NXg==\n-----END RSA PRIVATE KEY-----\n",
            "email_address": "nabeel@relliks.com",
            "id": "https://acme-staging-v02.api.letsencrypt.org/acme/acct/9918236",
            "registration_url": "https://acme-staging-v02.api.letsencrypt.org/acme/acct/9918236"
          },
          "private": "eyJzY2hlbWFfdmVyc2lvbiI6IjEifQ==",
          "depends_on": [
            "tls_private_key.reg_private_key"
          ]
        }
      ]
    },
    {
      "module": "module.ms",
      "mode": "managed",
      "type": "azuread_application",
      "name": "aks_app",
      "provider": "module.ms.provider.azuread",
      "instances": [
        {
          "schema_version": 0,
          "attributes": {
            "application_id": "02b9f43d-7704-4bd8-b1d2-81410212e9ae",
            "available_to_other_tenants": false,
            "group_membership_claims": null,
            "homepage": "https://aks_app-ms",
            "id": "59bad9b7-54c2-4860-b8be-b791743ee633",
            "identifier_uris": [],
            "name": "aks_app-ms",
            "oauth2_allow_implicit_flow": false,
            "oauth2_permissions": [
              {
                "admin_consent_description": "Access aks_app-ms",
                "admin_consent_display_name": "",
                "id": "989f8b91-69cc-4d60-996a-1eca1e7c362d",
                "is_enabled": true,
                "type": "User",
                "user_consent_description": "Allow the application to access aks_app-ms on your behalf.",
                "user_consent_display_name": "Access aks_app-ms",
                "value": "user_impersonation"
              }
            ],
            "object_id": "59bad9b7-54c2-4860-b8be-b791743ee633",
            "reply_urls": [],
            "required_resource_access": [],
            "type": "webapp/api"
          },
          "private": "bnVsbA=="
        }
      ]
    },
    {
      "module": "module.efk",
      "mode": "managed",
      "type": "azuread_application",
      "name": "aks_app",
      "provider": "module.efk.provider.azuread",
      "instances": [
        {
          "schema_version": 0,
          "attributes": {
            "application_id": "72f75417-e570-4715-b279-6ccf8e92589c",
            "available_to_other_tenants": false,
            "group_membership_claims": null,
            "homepage": "https://aks_app-efk",
            "id": "5ec083f8-1045-4135-b575-808047001d06",
            "identifier_uris": [],
            "name": "aks_app-efk",
            "oauth2_allow_implicit_flow": false,
            "oauth2_permissions": [
              {
                "admin_consent_description": "Access aks_app-efk",
                "admin_consent_display_name": "",
                "id": "1a01d8a9-3f8a-4666-8c47-f9448d4b4572",
                "is_enabled": true,
                "type": "User",
                "user_consent_description": "Allow the application to access aks_app-efk on your behalf.",
                "user_consent_display_name": "Access aks_app-efk",
                "value": "user_impersonation"
              }
            ],
            "object_id": "5ec083f8-1045-4135-b575-808047001d06",
            "reply_urls": [],
            "required_resource_access": [],
            "type": "webapp/api"
          },
          "private": "bnVsbA=="
        }
      ]
    },
    {
      "module": "module.ms",
      "mode": "managed",
      "type": "azuread_service_principal",
      "name": "aks_sp",
      "provider": "module.ms.provider.azuread",
      "instances": [
        {
          "status": "tainted",
          "schema_version": 0,
          "attributes": {
            "application_id": "02b9f43d-7704-4bd8-b1d2-81410212e9ae",
            "display_name": "aks_app-ms",
            "id": "7c268a2b-2565-4bf4-81bb-5a7fd1e89106",
            "object_id": "7c268a2b-2565-4bf4-81bb-5a7fd1e89106",
            "tags": null
          },
          "private": "bnVsbA==",
          "depends_on": [
            "azuread_application.aks_app"
          ]
        }
      ]
    },
    {
      "module": "module.efk",
      "mode": "managed",
      "type": "azuread_service_principal",
      "name": "aks_sp",
      "provider": "module.efk.provider.azuread",
      "instances": [
        {
          "status": "tainted",
          "schema_version": 0,
          "attributes": {
            "application_id": "72f75417-e570-4715-b279-6ccf8e92589c",
            "display_name": "aks_app-efk",
            "id": "776d5471-001b-4b95-8ef4-68cb108f4e3d",
            "object_id": "776d5471-001b-4b95-8ef4-68cb108f4e3d",
            "tags": null
          },
          "private": "bnVsbA==",
          "depends_on": [
            "azuread_application.aks_app"
          ]
        }
      ]
    },
    {
      "module": "module.ms",
      "mode": "managed",
      "type": "azuread_service_principal_password",
      "name": "aks_sp_password",
      "provider": "module.ms.provider.azuread",
      "instances": []
    },
    {
      "module": "module.efk",
      "mode": "managed",
      "type": "azuread_service_principal_password",
      "name": "aks_sp_password",
      "provider": "module.efk.provider.azuread",
      "instances": []
    },
    {
      "module": "module.ms",
      "mode": "managed",
      "type": "azurerm_kubernetes_cluster",
      "name": "k8s_ingress",
      "provider": "module.ms.provider.azurerm",
      "instances": []
    },
    {
      "module": "module.efk",
      "mode": "managed",
      "type": "azurerm_kubernetes_cluster",
      "name": "k8s_ingress",
      "provider": "module.efk.provider.azurerm",
      "instances": []
    },
    {
      "module": "module.ms",
      "mode": "managed",
      "type": "azurerm_public_ip",
      "name": "ingress_ip",
      "provider": "module.ms.provider.azurerm",
      "instances": [
        {
          "schema_version": 0,
          "attributes": {
            "allocation_method": "Static",
            "domain_name_label": "domain-ms",
            "fqdn": "domain-ms.centralus.cloudapp.azure.com",
            "id": "/subscriptions/d9088b39-16b7-4471-a14c-10eb1e52d2de/resourceGroups/k8s-ms/providers/Microsoft.Network/publicIPAddresses/domain-msiip",
            "idle_timeout_in_minutes": 4,
            "ip_address": "40.122.116.31",
            "ip_version": "IPv4",
            "location": "centralus",
            "name": "domain-msiip",
            "public_ip_address_allocation": "Static",
            "public_ip_prefix_id": null,
            "resource_group_name": "k8s-ms",
            "reverse_fqdn": "",
            "sku": "Basic",
            "tags": {
              "environment": "ms",
              "instance": "ms-instance",
              "project": "ms-project"
            },
            "zones": null
          },
          "private": "bnVsbA==",
          "depends_on": [
            "azurerm_resource_group.k8s"
          ]
        }
      ]
    },
    {
      "module": "module.efk",
      "mode": "managed",
      "type": "azurerm_public_ip",
      "name": "ingress_ip",
      "provider": "module.efk.provider.azurerm",
      "instances": [
        {
          "schema_version": 0,
          "attributes": {
            "allocation_method": "Static",
            "domain_name_label": "domain-efk",
            "fqdn": "domain-efk.centralus.cloudapp.azure.com",
            "id": "/subscriptions/d9088b39-16b7-4471-a14c-10eb1e52d2de/resourceGroups/k8s-efk/providers/Microsoft.Network/publicIPAddresses/domain-efkiip",
            "idle_timeout_in_minutes": 4,
            "ip_address": "40.122.116.18",
            "ip_version": "IPv4",
            "location": "centralus",
            "name": "domain-efkiip",
            "public_ip_address_allocation": "Static",
            "public_ip_prefix_id": null,
            "resource_group_name": "k8s-efk",
            "reverse_fqdn": "",
            "sku": "Basic",
            "tags": {
              "environment": "efk",
              "instance": "efk-instance",
              "project": "efk-project"
            },
            "zones": null
          },
          "private": "bnVsbA==",
          "depends_on": [
            "azurerm_resource_group.k8s"
          ]
        }
      ]
    },
    {
      "module": "module.ms",
      "mode": "managed",
      "type": "azurerm_resource_group",
      "name": "k8s",
      "provider": "module.ms.provider.azurerm",
      "instances": [
        {
          "schema_version": 0,
          "attributes": {
            "id": "/subscriptions/d9088b39-16b7-4471-a14c-10eb1e52d2de/resourceGroups/k8s-ms",
            "location": "centralus",
            "name": "k8s-ms",
            "tags": {
              "environment": "ms"
            }
          },
          "private": "bnVsbA=="
        }
      ]
    },
    {
      "module": "module.efk",
      "mode": "managed",
      "type": "azurerm_resource_group",
      "name": "k8s",
      "provider": "module.efk.provider.azurerm",
      "instances": [
        {
          "schema_version": 0,
          "attributes": {
            "id": "/subscriptions/d9088b39-16b7-4471-a14c-10eb1e52d2de/resourceGroups/k8s-efk",
            "location": "centralus",
            "name": "k8s-efk",
            "tags": {
              "environment": "efk"
            }
          },
          "private": "bnVsbA=="
        }
      ]
    },
    {
      "module": "module.ms",
      "mode": "managed",
      "type": "azurerm_role_assignment",
      "name": "current_contributor",
      "provider": "module.ms.provider.azurerm",
      "instances": []
    },
    {
      "module": "module.efk",
      "mode": "managed",
      "type": "azurerm_role_assignment",
      "name": "current_contributor",
      "provider": "module.efk.provider.azurerm",
      "instances": []
    },
    {
      "module": "module.ms",
      "mode": "managed",
      "type": "azurerm_subnet",
      "name": "appgwsubnet",
      "provider": "module.ms.provider.azurerm",
      "instances": [
        {
          "schema_version": 0,
          "attributes": {
            "address_prefix": "15.1.0.0/24",
            "delegation": [],
            "id": "/subscriptions/d9088b39-16b7-4471-a14c-10eb1e52d2de/resourceGroups/k8s-ms/providers/Microsoft.Network/virtualNetworks/network-ms/subnets/application-gateway",
            "ip_configurations": [],
            "name": "application-gateway",
            "network_security_group_id": "",
            "resource_group_name": "k8s-ms",
            "route_table_id": "",
            "service_endpoints": null,
            "virtual_network_name": "network-ms"
          },
          "private": "bnVsbA==",
          "depends_on": [
            "azurerm_resource_group.k8s",
            "azurerm_virtual_network.k8s"
          ]
        }
      ]
    },
    {
      "module": "module.efk",
      "mode": "managed",
      "type": "azurerm_subnet",
      "name": "appgwsubnet",
      "provider": "module.efk.provider.azurerm",
      "instances": [
        {
          "schema_version": 0,
          "attributes": {
            "address_prefix": "15.0.0.0/24",
            "delegation": [],
            "id": "/subscriptions/d9088b39-16b7-4471-a14c-10eb1e52d2de/resourceGroups/k8s-efk/providers/Microsoft.Network/virtualNetworks/network-efk/subnets/application-gateway",
            "ip_configurations": [],
            "name": "application-gateway",
            "network_security_group_id": "",
            "resource_group_name": "k8s-efk",
            "route_table_id": "",
            "service_endpoints": null,
            "virtual_network_name": "network-efk"
          },
          "private": "bnVsbA==",
          "depends_on": [
            "azurerm_resource_group.k8s",
            "azurerm_virtual_network.k8s"
          ]
        }
      ]
    },
    {
      "module": "module.ms",
      "mode": "managed",
      "type": "azurerm_subnet",
      "name": "k8s_ingress",
      "provider": "module.ms.provider.azurerm",
      "instances": [
        {
          "schema_version": 0,
          "attributes": {
            "address_prefix": "15.1.1.0/24",
            "delegation": [],
            "id": "/subscriptions/d9088b39-16b7-4471-a14c-10eb1e52d2de/resourceGroups/k8s-ms/providers/Microsoft.Network/virtualNetworks/network-ms/subnets/kubernetes-nodes",
            "ip_configurations": [],
            "name": "kubernetes-nodes",
            "network_security_group_id": "",
            "resource_group_name": "k8s-ms",
            "route_table_id": "",
            "service_endpoints": null,
            "virtual_network_name": "network-ms"
          },
          "private": "bnVsbA==",
          "depends_on": [
            "azurerm_resource_group.k8s",
            "azurerm_virtual_network.k8s"
          ]
        }
      ]
    },
    {
      "module": "module.efk",
      "mode": "managed",
      "type": "azurerm_subnet",
      "name": "k8s_ingress",
      "provider": "module.efk.provider.azurerm",
      "instances": [
        {
          "schema_version": 0,
          "attributes": {
            "address_prefix": "15.0.1.0/24",
            "delegation": [],
            "id": "/subscriptions/d9088b39-16b7-4471-a14c-10eb1e52d2de/resourceGroups/k8s-efk/providers/Microsoft.Network/virtualNetworks/network-efk/subnets/kubernetes-nodes",
            "ip_configurations": [],
            "name": "kubernetes-nodes",
            "network_security_group_id": "",
            "resource_group_name": "k8s-efk",
            "route_table_id": "",
            "service_endpoints": null,
            "virtual_network_name": "network-efk"
          },
          "private": "bnVsbA==",
          "depends_on": [
            "azurerm_resource_group.k8s",
            "azurerm_virtual_network.k8s"
          ]
        }
      ]
    },
    {
      "module": "module.ms",
      "mode": "managed",
      "type": "azurerm_subnet",
      "name": "k8s_lb",
      "provider": "module.ms.provider.azurerm",
      "instances": [
        {
          "schema_version": 0,
          "attributes": {
            "address_prefix": "15.1.2.0/24",
            "delegation": [],
            "id": "/subscriptions/d9088b39-16b7-4471-a14c-10eb1e52d2de/resourceGroups/k8s-ms/providers/Microsoft.Network/virtualNetworks/network-ms/subnets/kubernetes-loadbalancers",
            "ip_configurations": [],
            "name": "kubernetes-loadbalancers",
            "network_security_group_id": "",
            "resource_group_name": "k8s-ms",
            "route_table_id": "",
            "service_endpoints": null,
            "virtual_network_name": "network-ms"
          },
          "private": "bnVsbA==",
          "depends_on": [
            "azurerm_resource_group.k8s",
            "azurerm_virtual_network.k8s"
          ]
        }
      ]
    },
    {
      "module": "module.efk",
      "mode": "managed",
      "type": "azurerm_subnet",
      "name": "k8s_lb",
      "provider": "module.efk.provider.azurerm",
      "instances": [
        {
          "schema_version": 0,
          "attributes": {
            "address_prefix": "15.0.2.0/24",
            "delegation": [],
            "id": "/subscriptions/d9088b39-16b7-4471-a14c-10eb1e52d2de/resourceGroups/k8s-efk/providers/Microsoft.Network/virtualNetworks/network-efk/subnets/kubernetes-loadbalancers",
            "ip_configurations": [],
            "name": "kubernetes-loadbalancers",
            "network_security_group_id": "",
            "resource_group_name": "k8s-efk",
            "route_table_id": "",
            "service_endpoints": null,
            "virtual_network_name": "network-efk"
          },
          "private": "bnVsbA==",
          "depends_on": [
            "azurerm_resource_group.k8s",
            "azurerm_virtual_network.k8s"
          ]
        }
      ]
    },
    {
      "module": "module.ms",
      "mode": "managed",
      "type": "azurerm_virtual_network",
      "name": "k8s",
      "provider": "module.ms.provider.azurerm",
      "instances": [
        {
          "schema_version": 0,
          "attributes": {
            "address_space": [
              "15.1.0.0/16"
            ],
            "ddos_protection_plan": [],
            "dns_servers": null,
            "id": "/subscriptions/d9088b39-16b7-4471-a14c-10eb1e52d2de/resourceGroups/k8s-ms/providers/Microsoft.Network/virtualNetworks/network-ms",
            "location": "centralus",
            "name": "network-ms",
            "resource_group_name": "k8s-ms",
            "subnet": [],
            "tags": {
              "environment": "ms"
            }
          },
          "private": "bnVsbA==",
          "depends_on": [
            "azurerm_resource_group.k8s"
          ]
        }
      ]
    },
    {
      "module": "module.efk",
      "mode": "managed",
      "type": "azurerm_virtual_network",
      "name": "k8s",
      "provider": "module.efk.provider.azurerm",
      "instances": [
        {
          "schema_version": 0,
          "attributes": {
            "address_space": [
              "15.0.0.0/16"
            ],
            "ddos_protection_plan": [],
            "dns_servers": null,
            "id": "/subscriptions/d9088b39-16b7-4471-a14c-10eb1e52d2de/resourceGroups/k8s-efk/providers/Microsoft.Network/virtualNetworks/network-efk",
            "location": "centralus",
            "name": "network-efk",
            "resource_group_name": "k8s-efk",
            "subnet": [],
            "tags": {
              "environment": "efk"
            }
          },
          "private": "bnVsbA==",
          "depends_on": [
            "azurerm_resource_group.k8s"
          ]
        }
      ]
    },
    {
      "module": "module.ms",
      "mode": "managed",
      "type": "random_pet",
      "name": "environment",
      "provider": "module.ms.provider.random",
      "instances": [
        {
          "schema_version": 0,
          "attributes": {
            "id": "destined-stork",
            "keepers": null,
            "length": 2,
            "prefix": null,
            "separator": "-"
          },
          "private": "bnVsbA=="
        }
      ]
    },
    {
      "module": "module.efk",
      "mode": "managed",
      "type": "random_pet",
      "name": "environment",
      "provider": "module.efk.provider.random",
      "instances": [
        {
          "schema_version": 0,
          "attributes": {
            "id": "awake-sloth",
            "keepers": null,
            "length": 2,
            "prefix": null,
            "separator": "-"
          },
          "private": "bnVsbA=="
        }
      ]
    },
    {
      "module": "module.ms",
      "mode": "managed",
      "type": "random_string",
      "name": "aks_sp_password",
      "provider": "module.ms.provider.random",
      "instances": []
    },
    {
      "module": "module.efk",
      "mode": "managed",
      "type": "random_string",
      "name": "aks_sp_password",
      "provider": "module.efk.provider.random",
      "instances": []
    },
    {
      "module": "module.ms",
      "mode": "managed",
      "type": "tls_cert_request",
      "name": "req",
      "provider": "module.ms.provider.tls",
      "instances": [
        {
          "schema_version": 0,
          "attributes": {
            "cert_request_pem": "-----BEGIN CERTIFICATE REQUEST-----\nMIICiDCCAXACAQAwFzEVMBMGA1UEAxMMZXhhbXBsZTIuY29tMIIBIjANBgkqhkiG\n9w0BAQEFAAOCAQ8AMIIBCgKCAQEApp5De5yA7B0R3TwGnK4iUakoTrssg7SShYa+\ndguk1XOYQ59/WtPIYdjWr6tyawf/AsJMZmnHEjtk0TYoltb+FgRv3zk196EU+YfT\nycCeP7joFwRvH+aeEEoM8bNQTkWC/xhLHuggjpWUxScHp9a4bKiNVV3ncwK4Yvs/\n+rdJXWeF1p5TZ1GaazWUwR5eUXmeFjCCHTatZ7Pr9UH68mgBej/ZMqHM2Mt1HIQ9\nsXKLX4trDgfHnB9FoZvelhQqE206hxfwdXSMncDkQhxMvm9FElWvxipRaa5y57Cr\nhwRDJz295dDs8szPZLWZVuMruzqfBxO/y7yDAHeKx7laDK/+yQIDAQABoCwwKgYJ\nKoZIhvcNAQkOMR0wGzAZBgNVHREEEjAQgg4qLmV4YW1wbGUyLmNvbTANBgkqhkiG\n9w0BAQsFAAOCAQEAC+6Lv9tGHX/CS/TfjioMrOXc7jkym85rVhHqfY0/1oOZ99T9\nP9RDeVNvjM+W2IDv+Vklq/X7LBz2RfO+aGmGdSdnZ2sqANCjwGDBXQYIwrEoVVIo\nXi6yRMfg6d5BfZy1wsHgL1LgLKMmsGK2vx3nyFGXGdeRF8DXaXmEoFpxLSEyM6K9\n4+BJImdcfQ231JZha/xqrX3141L53DS3mrnZxJWmiltQdIx6mWfBAdO72kWxcMm0\nbPmgrsqkHddGXDHSKBPVSxr58GGG7kPmNhJCw+91CDgnVMme6NF4hNeDpA4H6PuA\nQfyLsVzipvlzlPQVEeFnW451rIXsetzpsJIAKw==\n-----END CERTIFICATE REQUEST-----\n",
            "dns_names": [
              "*.example2.com"
            ],
            "id": "e4360f85fc66660fab5d9b4eb98fa5f5629129c6",
            "ip_addresses": null,
            "key_algorithm": "RSA",
            "private_key_pem": "90f7eb2997355be34354718d37836cefd20eac64",
            "subject": [
              {
                "common_name": "example2.com",
                "country": "",
                "locality": "",
                "organization": "",
                "organizational_unit": "",
                "postal_code": "",
                "province": "",
                "serial_number": "",
                "street_address": null
              }
            ]
          },
          "private": "bnVsbA==",
          "depends_on": [
            "tls_private_key.cert_private_key"
          ]
        }
      ]
    },
    {
      "module": "module.efk",
      "mode": "managed",
      "type": "tls_cert_request",
      "name": "req",
      "provider": "module.efk.provider.tls",
      "instances": [
        {
          "schema_version": 0,
          "attributes": {
            "cert_request_pem": "-----BEGIN CERTIFICATE REQUEST-----\nMIICiDCCAXACAQAwFzEVMBMGA1UEAxMMZXhhbXBsZTEuY29tMIIBIjANBgkqhkiG\n9w0BAQEFAAOCAQ8AMIIBCgKCAQEA0TnKlsef4LVwKYGIYoed16COVPNjou6UELFn\nrie3tBdOokMYoLAM2GrzFXma+8Xs2y0TTg2/4mD68xkrFdBUeztaPN9DcH1hyn/2\nM4KO2oEtsQb4bCDRxo/cpp1FrJ32oO+bko3RqCU2sQ7+da9sLNecV5r2moCm8v17\nRuEDR8PdBi5sSUd4nK2jnn4k1/GS0ZNlJyRBNnTXZRhoSavO4MAPGc+ZnK/sm6sc\nvsApt3Dq7RMcCxhkeInEezVVtS54rNiBIL0It3b6PqkY3TMY2kcmLVVanMh+kKOJ\nid4aXcnrlIjASqKBxRp0gr6amgToiWrcZhk1tnLgWG1Xz6XqQwIDAQABoCwwKgYJ\nKoZIhvcNAQkOMR0wGzAZBgNVHREEEjAQgg4qLmV4YW1wbGUxLmNvbTANBgkqhkiG\n9w0BAQsFAAOCAQEAox/jVWha2U9PumS8L0M6qdjJDmfVXd3yqGU7XV6+xgIHl6vk\nxtECvF5QWN9VBoajxNPP0rHn8NB7SXXEqwisie0dQZL3LJIehIE0u87scqGf1qS+\n47apg2+6FUoNUavjQMshnRMFG9SgnCj1eHxjrwtKu2h30VSZlJHax/6jwn2bDvf/\nCluE/S7UdFn3OYpQtYTF2qxx0bbiweCGQ/jt1tXOPQw5BDU4hiGSHNumlRDj8aD0\ntBx/3upOXMtck3a1hb93Rb2R4f8cSHLrpbxcg1RaPcgmgecVtaM3LVU/ZORqPH2M\nQU4shAIAIabo70mv0PY+bG8lhKA2TXQuj9f70Q==\n-----END CERTIFICATE REQUEST-----\n",
            "dns_names": [
              "*.example1.com"
            ],
            "id": "32dd89e272692f3ba54a76ed172026c50b5e3f48",
            "ip_addresses": null,
            "key_algorithm": "RSA",
            "private_key_pem": "1d566d30256c91f4a932ed116a469b92276627e0",
            "subject": [
              {
                "common_name": "example1.com",
                "country": "",
                "locality": "",
                "organization": "",
                "organizational_unit": "",
                "postal_code": "",
                "province": "",
                "serial_number": "",
                "street_address": null
              }
            ]
          },
          "private": "bnVsbA==",
          "depends_on": [
            "tls_private_key.cert_private_key"
          ]
        }
      ]
    },
    {
      "module": "module.ms",
      "mode": "managed",
      "type": "tls_private_key",
      "name": "cert_private_key",
      "provider": "module.ms.provider.tls",
      "instances": [
        {
          "schema_version": 0,
          "attributes": {
            "algorithm": "RSA",
            "ecdsa_curve": "P224",
            "id": "94e84b901d328b6b0a94751eec68e1adf1ff72cf",
            "private_key_pem": "-----BEGIN RSA PRIVATE KEY-----\nMIIEowIBAAKCAQEApp5De5yA7B0R3TwGnK4iUakoTrssg7SShYa+dguk1XOYQ59/\nWtPIYdjWr6tyawf/AsJMZmnHEjtk0TYoltb+FgRv3zk196EU+YfTycCeP7joFwRv\nH+aeEEoM8bNQTkWC/xhLHuggjpWUxScHp9a4bKiNVV3ncwK4Yvs/+rdJXWeF1p5T\nZ1GaazWUwR5eUXmeFjCCHTatZ7Pr9UH68mgBej/ZMqHM2Mt1HIQ9sXKLX4trDgfH\nnB9FoZvelhQqE206hxfwdXSMncDkQhxMvm9FElWvxipRaa5y57CrhwRDJz295dDs\n8szPZLWZVuMruzqfBxO/y7yDAHeKx7laDK/+yQIDAQABAoIBAGgXcZNVB9n6o0Fy\nkbLquvgHVO4y0zGI6wzOTEjVJ2pOqC5/A4JL0uEGJcFju7yQJ0mi9zX4GW0Te/2T\n9zGdKOm6ZeWwCT4l/UOTDsX5NyQaMazHkWD9o3wLtyB85Muxc5BIrg2l+Uj6vBGb\nO5Yod9kyR/GwE7tvVKBJ1QOd5BCcbPNGVniDRrG3shir4m5XYq0KqbeD4ZA4Qyam\nuwWCyrgzufr4nV/r+KI/65ktD83QXX2/7Fr01kKx30KKn0Ll49IxE1bv7xNiTT+X\nVNmZs5Vqdu6WaxHYpImjoYVlkk3/C1HaEv1bxOG5z2Dw4n0+xlPrXJXsHT3413u5\n0A0XPzECgYEAx2h4cg29z5I7mKYNgVAqI9+NfNkuoWUYMVy/t70/Kdib8hmnyRVU\nAHnVzf38iay3H7EdNyweLpCOauDEASpCKam6TPKy+f9MBiqaS7pvMIn2IBSvzfVY\nurXYzhMFsTJVm28o37G22cFub3CJUGGeHhao0dEPt48m/tcG2ulTWoUCgYEA1eeF\ng+sW26Re+Lu4XQnAqwMjaBfYy6oCmCHJCaaoZmpruNYlKWUBqm5xmXryJVIDVkXk\nQTL6TGXeQF2YoO0WcLkFJHU8f6i7wWlulKVlJWBgCMl2Ge8Zn5hg48Frcs18/Pk9\nS8PV1nDFfY4JpvCihw/1LXXD9ApKRCT1+d1bIHUCgYBvaSciUhsixgkWGHCjNy7U\nLCrY/l7XPaxup+tVtR59OtCmSz87UfdE7M1P8gAOy7jktAgmszeJvKpVfI8GN54P\nuQylwVPN6Z2INHVQqjFFZU9mTSiMYe/ZIZCoUmhzwDOkTE8B7EDFGRWinbWae2/k\nT7SyxaOKYyjeaTUjSgmQIQKBgFbqur/92M3rHoQnkySK//T9U3fKqNco/+DdaZk4\nVRk4iQkUSwlk96ZPNm3NHXO4vY5i2/r6QealRggVgB1z+ThYlhRYZvrgj1pqAvr3\nsf/cB2nKouiq1ViaTFR/la+SfAU3KYcNzmhSbo00GAvzn7cN7uxH/BW/0Kmb8y9S\nmOK5AoGBAKWyu5jFzeqAT64RAcg9k90H8SK38wTwqd6UlJy6WU8oCFE8PFqvkjmx\nvIEJ/7YtiT18FiAsrrpvRdQo5Ak09sQ5lLCjFa/dozs/WJTznLmQ/XMivx5Oys23\n6zYNdjMYjTrs4jhjOHrEwmL25dlE2ASoKhfEqksC5HBEBG/kiGHL\n-----END RSA PRIVATE KEY-----\n",
            "public_key_fingerprint_md5": "6b:6f:7f:5b:57:72:8a:38:23:03:64:6b:52:49:ca:2c",
            "public_key_openssh": "ssh-rsa AAAAB3NzaC1yc2EAAAADAQABAAABAQCmnkN7nIDsHRHdPAacriJRqShOuyyDtJKFhr52C6TVc5hDn39a08hh2Navq3JrB/8CwkxmaccSO2TRNiiW1v4WBG/fOTX3oRT5h9PJwJ4/uOgXBG8f5p4QSgzxs1BORYL/GEse6CCOlZTFJwen1rhsqI1VXedzArhi+z/6t0ldZ4XWnlNnUZprNZTBHl5ReZ4WMIIdNq1ns+v1QfryaAF6P9kyoczYy3UchD2xcotfi2sOB8ecH0Whm96WFCoTbTqHF/B1dIydwORCHEy+b0USVa/GKlFprnLnsKuHBEMnPb3l0OzyzM9ktZlW4yu7Op8HE7/LvIMAd4rHuVoMr/7J\n",
            "public_key_pem": "-----BEGIN PUBLIC KEY-----\nMIIBIjANBgkqhkiG9w0BAQEFAAOCAQ8AMIIBCgKCAQEApp5De5yA7B0R3TwGnK4i\nUakoTrssg7SShYa+dguk1XOYQ59/WtPIYdjWr6tyawf/AsJMZmnHEjtk0TYoltb+\nFgRv3zk196EU+YfTycCeP7joFwRvH+aeEEoM8bNQTkWC/xhLHuggjpWUxScHp9a4\nbKiNVV3ncwK4Yvs/+rdJXWeF1p5TZ1GaazWUwR5eUXmeFjCCHTatZ7Pr9UH68mgB\nej/ZMqHM2Mt1HIQ9sXKLX4trDgfHnB9FoZvelhQqE206hxfwdXSMncDkQhxMvm9F\nElWvxipRaa5y57CrhwRDJz295dDs8szPZLWZVuMruzqfBxO/y7yDAHeKx7laDK/+\nyQIDAQAB\n-----END PUBLIC KEY-----\n",
            "rsa_bits": 2048
          },
          "private": "bnVsbA=="
        }
      ]
    },
    {
      "module": "module.efk",
      "mode": "managed",
      "type": "tls_private_key",
      "name": "cert_private_key",
      "provider": "module.efk.provider.tls",
      "instances": [
        {
          "schema_version": 0,
          "attributes": {
            "algorithm": "RSA",
            "ecdsa_curve": "P224",
            "id": "dde7b5479c19b394fb4c76887361f3f76a64c778",
            "private_key_pem": "-----BEGIN RSA PRIVATE KEY-----\nMIIEpQIBAAKCAQEA0TnKlsef4LVwKYGIYoed16COVPNjou6UELFnrie3tBdOokMY\noLAM2GrzFXma+8Xs2y0TTg2/4mD68xkrFdBUeztaPN9DcH1hyn/2M4KO2oEtsQb4\nbCDRxo/cpp1FrJ32oO+bko3RqCU2sQ7+da9sLNecV5r2moCm8v17RuEDR8PdBi5s\nSUd4nK2jnn4k1/GS0ZNlJyRBNnTXZRhoSavO4MAPGc+ZnK/sm6scvsApt3Dq7RMc\nCxhkeInEezVVtS54rNiBIL0It3b6PqkY3TMY2kcmLVVanMh+kKOJid4aXcnrlIjA\nSqKBxRp0gr6amgToiWrcZhk1tnLgWG1Xz6XqQwIDAQABAoIBAQCPYkydMmc1xwH7\n3+KIq6oXaNfCDh59PYVJP1rvdhamG8bu2o6ZKK1U705xrCnzW3vr5KMzPab/zDiO\nuvPU+jW7UjyQNO1xvOt0rGcce9/MjPS0OjOrXn6E1nh/0o46MvMe7bYvJHPHCOHH\nS6BFJJg8zvI8810HGx3Orrp6I6Bs3+cuXqGyw3Tm/i42Plyv8H5XZK4wkmLJvRck\nU2PFMp44B+R8WStMW67HMhoYd0Lwij1zcyxZMG6oLJj1GO782wOsiUUftAULi9B6\n8QXMw/9y3CZEDTkEFmoEgp2Htx3uUt8cvNo0cruhcz2+o+IyC2UZIHABFQKoTRyU\nPD9nZ0MRAoGBAPFVL7c4WedhGupML2dUdZtTG5/9yxAsCJknoT9afrFOTG2G5XE3\naDZ1oicF/kzbYC+yk6hSGSqovoDccaR9emfQ3W+H4Hew0c09hvFOA7puBQmZg49P\nDWMEyfUeyHoQY3skGu6JgSUSg7f/Nmdqrz7BsbpfCwkgIJhw0YDMQUlpAoGBAN3x\nECA19CcRwJ/FqLgtQUdm1IhpE2fQ7bSxd4wEpURoVZzLxfLDHioC5U+bJOtMcw4J\n3k4s3yXKR959Cec7Kz4Cxk5+vmjjwcK8mb12YVPLGfAd8sSKsdVP/GIXiBIquo5U\n6+JynsECXwTHJX7c7XwzYr0YqBcdJftb0ckv8JTLAoGBALDEB645PUjIDJHe+b3C\n1F3P0uUuXQVca3Pa3jXsT+4I/tweuYJi5hc1tG7G6gxbhymIsLTSZZKkhN0YGrk0\nG2tdRkSCDv08a3/ceDHZRcvQ+Cme4wkeCx0jDdZYFNmrlWJGAOAFoa2I0Sf9bFj1\ngKUD9O0g3pFxkc52nE2tzog5AoGAIUk3Nu2AmZ9y+UNmw4CeCrxkYbUIoQhXrkLz\nf/9uXe0b8fEp1ffnfTuD8sV86wFDPDbErYrTSNKmprqwEorwOFOoNDuUCR0ngTJS\nCHVJsYyDbly/fTSj6S8e1gNbeAYKhrA71HGGV8IoSAoqGHW/9GGsjFm3VAgeGy2x\nL/BNr7MCgYEAu+UZLi3srCEcKdQxO1h8Xb/XL24oFL66BW2bu+lq2ESNcNo+g8I+\np61ncFL0ki+cgeffYdjwlSyptYhQbioWu6SA4SXWukCNLvYyeO6w6MM0LPI4PbOM\nnS878S+Os3m14hVGWGYdCty/mi8tiE6QbIsS/rqJ/cLP7dLYx69laHg=\n-----END RSA PRIVATE KEY-----\n",
            "public_key_fingerprint_md5": "5c:a9:e6:79:d4:f5:1d:ed:9f:ba:88:07:2b:35:51:df",
            "public_key_openssh": "ssh-rsa AAAAB3NzaC1yc2EAAAADAQABAAABAQDROcqWx5/gtXApgYhih53XoI5U82Oi7pQQsWeuJ7e0F06iQxigsAzYavMVeZr7xezbLRNODb/iYPrzGSsV0FR7O1o830NwfWHKf/Yzgo7agS2xBvhsINHGj9ymnUWsnfag75uSjdGoJTaxDv51r2ws15xXmvaagKby/XtG4QNHw90GLmxJR3icraOefiTX8ZLRk2UnJEE2dNdlGGhJq87gwA8Zz5mcr+ybqxy+wCm3cOrtExwLGGR4icR7NVW1Lnis2IEgvQi3dvo+qRjdMxjaRyYtVVqcyH6Qo4mJ3hpdyeuUiMBKooHFGnSCvpqaBOiJatxmGTW2cuBYbVfPpepD\n",
            "public_key_pem": "-----BEGIN PUBLIC KEY-----\nMIIBIjANBgkqhkiG9w0BAQEFAAOCAQ8AMIIBCgKCAQEA0TnKlsef4LVwKYGIYoed\n16COVPNjou6UELFnrie3tBdOokMYoLAM2GrzFXma+8Xs2y0TTg2/4mD68xkrFdBU\neztaPN9DcH1hyn/2M4KO2oEtsQb4bCDRxo/cpp1FrJ32oO+bko3RqCU2sQ7+da9s\nLNecV5r2moCm8v17RuEDR8PdBi5sSUd4nK2jnn4k1/GS0ZNlJyRBNnTXZRhoSavO\n4MAPGc+ZnK/sm6scvsApt3Dq7RMcCxhkeInEezVVtS54rNiBIL0It3b6PqkY3TMY\n2kcmLVVanMh+kKOJid4aXcnrlIjASqKBxRp0gr6amgToiWrcZhk1tnLgWG1Xz6Xq\nQwIDAQAB\n-----END PUBLIC KEY-----\n",
            "rsa_bits": 2048
          },
          "private": "bnVsbA=="
        }
      ]
    },
    {
      "module": "module.ms",
      "mode": "managed",
      "type": "tls_private_key",
      "name": "kube_key",
      "provider": "module.ms.provider.tls",
      "instances": [
        {
          "schema_version": 0,
          "attributes": {
            "algorithm": "RSA",
            "ecdsa_curve": "P224",
            "id": "1f3ff46e0a202a20844e57392a4a07b3c09354b6",
            "private_key_pem": "-----BEGIN RSA PRIVATE KEY-----\nMIIEpAIBAAKCAQEAw9tHo5CDC3Hl/uT1rmY50Y7MSOi3VDQjA2QM8N1W0bYjq8uf\nCVyQZclZF1CP6moj1p6JXJ90EV7YEyvRR7tW2ZLdII51VAshoLlamVMiHniTVchF\nlS/HdFwR31Aw08gFPHJrjQ0xign4S+VV8wsZuve9g3liOjm6fZQyv1EtzNS4zfxA\nROz67veZNssoUVcOxVQKs5FNS8/0tvgs85JNktTNapdIAlLsX3r1RhtBrqk6LH5+\nBARocFN6I17fjt7A5LTmKNmIq5wQJ24Jxhf4JQNDadDRhBL3O7CDQXFgdrRH/A9O\n1YileEqn5FsAX/gCLGd3qyVA+cTKgMzOre4HGwIDAQABAoIBADUZdkq6G003DAwX\nNySZQoO2G1yI+2sw121L6tZCrA8fOnyRMATxu5RdCnJvvRTowd6mDMe301gCRsKr\n1omEGP/T+W+iL90hR3SzzARVraJlPky7h2HzGjhJ3e6VZyeDyyegPdh4Az5RhafN\n/YdvMwKluBO1DRSMIit5ymhkMe6eJBWeBK4XmkcfmNb3O0z/zdDH8v8I1MWh3E/x\nRIYSiMyHaQ0VSyzbeERcutyXSIrHkZvcBvZoJspwUcrcRxi9jppX3KdcNiaFOQBC\nhTwl7bVWNC1MITg8KgFnqKPno56PDJ1U4/PdAUjvDC9eDo3GK7vrc/YcYpv+BPYG\ntAK8cQECgYEA1pPsZsx+FwnKytUNlcwMRh8PpSWtIZAr1TZdWC3OaEoZ5mDgBWgb\nVUl4HI/DkJ8z7bs+X9eDz3d8zqEQRJTaEavngGWJZy8gmMVZkYcfShPl5GpBA9M9\nG5av2yeOLNrwjSKl9kGQpK7Gn8swW76GZOUgAOhfVtTn0JAXgsplqhECgYEA6aou\n0n7TgoQYore52exK+Ug+lEAmC/FCHwPsuBTZd1YY/gagqjF2VbvrHQtgQy9E8KSx\nJo2RHt7qx7Pl6wMsHS9B8XkvqZKt9Wb8TO0WvKiDtAMhZwsf0yZrXG/etpLZ0JIo\nNCTXTzIrjQUUFNeMrfYlO34vt06x2qVF7DMO0msCgYA1Sj9nuFmINzJZ9VeOYEKc\nF5K3HQhGUZvRM9My1w1v8RdFk8GPFi/Tmo9t6HZVMHShEeOHwepGWBJy7qUvoxgV\nU3AG/zCEo7ugtUJtVfV7XD234HuNC6UdeOrrroMsuKMNKhG1essFWzKQ9NFpt4OB\nAzZTg2JKGk4ICgEMxl9BQQKBgQDOunBebzK2ICSjoaTeNv5F+jLTesWufy6evhwq\n6NdVi2jlJfvzV3t4cp+avLvX9PQra6oHj+w6wcI6GOFrwQzAbVUMTMlsX4dkvE6v\nyHr7QqPzGWnt/puTdkQ6Lgd+xAHNU+IZ8BZFzP9W7o1Lu0CNkF50ejnBFfContx0\nEuAkLQKBgQCxU9hVBMKQynOdNVKxizA7tOIIELFLZYXxSexeft/kWnu9y4fv/N1p\n+t6KlnlkyHGEa6WnjDUz/vDgnK+q0/mS7rWzn++VbtVr6HQcJ+91BxDhcEmHTHlG\n3uxAFshfMWqGznYNpaSRqEevH+KegtgQSdakBEEALqmOs1VRQ8SQcg==\n-----END RSA PRIVATE KEY-----\n",
            "public_key_fingerprint_md5": "cc:32:9a:8e:bc:1f:7e:2d:7c:6f:26:64:ff:35:ff:0a",
            "public_key_openssh": "ssh-rsa AAAAB3NzaC1yc2EAAAADAQABAAABAQDD20ejkIMLceX+5PWuZjnRjsxI6LdUNCMDZAzw3VbRtiOry58JXJBlyVkXUI/qaiPWnolcn3QRXtgTK9FHu1bZkt0gjnVUCyGguVqZUyIeeJNVyEWVL8d0XBHfUDDTyAU8cmuNDTGKCfhL5VXzCxm6972DeWI6Obp9lDK/US3M1LjN/EBE7Pru95k2yyhRVw7FVAqzkU1Lz/S2+Czzkk2S1M1ql0gCUuxfevVGG0GuqTosfn4EBGhwU3ojXt+O3sDktOYo2YirnBAnbgnGF/glA0Np0NGEEvc7sINBcWB2tEf8D07ViKV4SqfkWwBf+AIsZ3erJUD5xMqAzM6t7gcb\n",
            "public_key_pem": "-----BEGIN PUBLIC KEY-----\nMIIBIjANBgkqhkiG9w0BAQEFAAOCAQ8AMIIBCgKCAQEAw9tHo5CDC3Hl/uT1rmY5\n0Y7MSOi3VDQjA2QM8N1W0bYjq8ufCVyQZclZF1CP6moj1p6JXJ90EV7YEyvRR7tW\n2ZLdII51VAshoLlamVMiHniTVchFlS/HdFwR31Aw08gFPHJrjQ0xign4S+VV8wsZ\nuve9g3liOjm6fZQyv1EtzNS4zfxAROz67veZNssoUVcOxVQKs5FNS8/0tvgs85JN\nktTNapdIAlLsX3r1RhtBrqk6LH5+BARocFN6I17fjt7A5LTmKNmIq5wQJ24Jxhf4\nJQNDadDRhBL3O7CDQXFgdrRH/A9O1YileEqn5FsAX/gCLGd3qyVA+cTKgMzOre4H\nGwIDAQAB\n-----END PUBLIC KEY-----\n",
            "rsa_bits": 2048
          },
          "private": "bnVsbA=="
        }
      ]
    },
    {
      "module": "module.efk",
      "mode": "managed",
      "type": "tls_private_key",
      "name": "kube_key",
      "provider": "module.efk.provider.tls",
      "instances": [
        {
          "schema_version": 0,
          "attributes": {
            "algorithm": "RSA",
            "ecdsa_curve": "P224",
            "id": "47f31233acfc3f9f39836ec4d220bb81111c073a",
            "private_key_pem": "-----BEGIN RSA PRIVATE KEY-----\nMIIEowIBAAKCAQEAtxOBIjD9O4b/HjyeaXMSnNoaG11MHDg03GRft0BtNCBiWg52\njD5ko0W/Qt/z3G1s9IzDg/xyQ2wh/FMufx1achXhDXMj5Z2FqRfAAlJ14HFSXlh8\nudr6DT8QY3eeCgn5xP6lwfNTO92CskIjh2OGl1Pnp1cgsaMpLZOPbKsTlty5IIBR\nDKfcz49Vhy9tLD0oZZ32xEvsUIbT1czyTKRMvTQKvYBIX+VtQUecsfZCijbcstPn\n0DBbF7w31c9lxnjFV6Ocag0BWLAaxq4UrYFx7dNu7NQqdQocbEvxhdjw5ayZ9rVm\ngHsoukhBtvwn2L6aKha8f+rDMLZUw8sE2OE9hwIDAQABAoIBAGvW5V4KlWAXKPfa\npUVgLzqNjotH7alBwoF/7pG3NZxa5xQ9KL97kTRLxVnTKYZSPrfeotyAO55Td8F2\nDhF6bOh+0s5lYGPE4hK0lrnHcQAAQJCqdu3Tey+KUlEFCObI8YOErIcOmZzN4kq2\ngs8hZQqGthHwVKXOglcCcJ2GOEfIRKmotnVI+XWirN0iODkTLAqtLyxRIXefKoCw\nIdjVX8PYQGLc9bvUnBxH2kbywrQj9nfO2inf7Pn3nEK4IkzKSsdy4OrbN/jWY5rX\nSDadNTjrrMCZF0xGwh2QKKMFhviLYyzVMJ7dzjkSyn+L7PlTJeeWRqQoqsDaTiR/\nR98AWIECgYEA6yHE5+cwlN9+mq2s3CEtjB7glIg449XI/ehZLAmG9C9ICWIQ5/wT\nAyEcFJMKA5KwHtDtZTmRji9HSpXSiQ0oAaydyWf/Gyl4ck1iOjXYFp/S1R23xD0e\nO0fukxHwmRWu0LtfmForqGglmidM9fde6GzalAUIksJCY2qpPzl7oBECgYEAx1MF\nk3ERbjJ1WhyL8pwOAvH7XLUVMkdvwZwbWOqoC4rD5ZcwS1mKeiQs+ULU8gXitznZ\n3utvkNCNm4I4TLWf3fGLMXsyTN2AoKP7zhE8eDQiQDrR3NUgObWaybpzpJ4HGTSY\nYBFCcYAZB03AdawA0RncmPxwnPb5UiYIrRkEHBcCgYAv9htsEkRemZgBhRuVa08X\nHdVBdufj0V/GKvbFfMwCUwKmp1I7f7eBE+fean/Iastx/bvuwedm0U4BcL4ZJo3a\niZNF2ei3aaYf6pj2trT1KHSg9AbgCHd6MBoB9c7V6w5VlWLSeNIe7997qjiQk3zQ\nfCO5va0aAnX4QXF0bA1DgQKBgQCcMbbA322lSO0k/BG+wANK040CDPTbPZeZxFa5\nysh8ovT3yQ4TPcuCAy8q9PAh5/LNWgwc36nBdWxCXDz5/6mTJmDJGZ1FFp5hQ59i\nz6bvGwtsAavKvUhPcLwnMHDGov81BT4SqfPDNXpnespCa9MICJgRWmB04CRn9139\nJwlNaQKBgFey6Kvmg1MlHXGtd15FYyO0nLrVOQjy1nLjeWWvodyiqBPh+XX8ezIO\nLjGhUX1saCneXxJbMXLWJmpRj+Jjvd+tP3X9TF7cbaTvaxPW+2I6bvTzQXOe3XFH\nRUcVIHnaUyMeefQH9PSRnC9zbOQdGUg6aTiGTJa+m3UqGIbh35rs\n-----END RSA PRIVATE KEY-----\n",
            "public_key_fingerprint_md5": "6c:23:db:a7:d2:be:81:77:06:b0:cc:22:ac:90:a4:88",
            "public_key_openssh": "ssh-rsa AAAAB3NzaC1yc2EAAAADAQABAAABAQC3E4EiMP07hv8ePJ5pcxKc2hobXUwcODTcZF+3QG00IGJaDnaMPmSjRb9C3/PcbWz0jMOD/HJDbCH8Uy5/HVpyFeENcyPlnYWpF8ACUnXgcVJeWHy52voNPxBjd54KCfnE/qXB81M73YKyQiOHY4aXU+enVyCxoyktk49sqxOW3LkggFEMp9zPj1WHL20sPShlnfbES+xQhtPVzPJMpEy9NAq9gEhf5W1BR5yx9kKKNtyy0+fQMFsXvDfVz2XGeMVXo5xqDQFYsBrGrhStgXHt027s1Cp1ChxsS/GF2PDlrJn2tWaAeyi6SEG2/CfYvpoqFrx/6sMwtlTDywTY4T2H\n",
            "public_key_pem": "-----BEGIN PUBLIC KEY-----\nMIIBIjANBgkqhkiG9w0BAQEFAAOCAQ8AMIIBCgKCAQEAtxOBIjD9O4b/HjyeaXMS\nnNoaG11MHDg03GRft0BtNCBiWg52jD5ko0W/Qt/z3G1s9IzDg/xyQ2wh/FMufx1a\nchXhDXMj5Z2FqRfAAlJ14HFSXlh8udr6DT8QY3eeCgn5xP6lwfNTO92CskIjh2OG\nl1Pnp1cgsaMpLZOPbKsTlty5IIBRDKfcz49Vhy9tLD0oZZ32xEvsUIbT1czyTKRM\nvTQKvYBIX+VtQUecsfZCijbcstPn0DBbF7w31c9lxnjFV6Ocag0BWLAaxq4UrYFx\n7dNu7NQqdQocbEvxhdjw5ayZ9rVmgHsoukhBtvwn2L6aKha8f+rDMLZUw8sE2OE9\nhwIDAQAB\n-----END PUBLIC KEY-----\n",
            "rsa_bits": 2048
          },
          "private": "bnVsbA=="
        }
      ]
    },
    {
      "module": "module.ms",
      "mode": "managed",
      "type": "tls_private_key",
      "name": "reg_private_key",
      "provider": "module.ms.provider.tls",
      "instances": [
        {
          "schema_version": 0,
          "attributes": {
            "algorithm": "RSA",
            "ecdsa_curve": "P224",
            "id": "939af8b67c022ab9df082e859afa72c5542eab19",
            "private_key_pem": "-----BEGIN RSA PRIVATE KEY-----\nMIIEpAIBAAKCAQEAzmMavgzQhJs606Q+C+YUMdJH5nfj9D7/6vwl0rPJ3u3kNqGn\n7xg4pjUFleQ+vcaNAc5a+fnthBfb4oWlSBuZnNOhqaOxnJAhBs7rZH7ITRYYTPYL\nVSIRs36ha6T1K4CpbU3TdBhp9NX5WwlfIusHASh6m/IHcLhKuLPu4X9sJ4avgRX/\nZ6QCiO5Stjh1AYYFG6T66zi5QjtkFNZrZwYZg9zG16jBBdj27+bZfOsDqHlirL44\nWN7T4BN0wleNiUM5EpRmapeESghUkrIzgFUrHW3PDpvg8XM3yyJg85DpFce6SDxQ\nMynNsckcGEZSRunBtGdXnRgCHzArIiGihumgeQIDAQABAoIBAAjmSR7s2oj9UJoT\nuQE2WKSVVrhfbxr3JH3zhYYCbrAIPhEFA4LR3o98NdNy1inEyAvN5CpnVpCdnsOz\n0566YfNbRNtVzbDcni/2+DuLJAP+8elPqslvAKhmy3siz9eiYqvt8TJOYzNFjs0Y\nKFwPGmw4XKEg3KVFrSMtzx02K2nA1zTjKobQglXJzvvPXtvo1I4U4YbRHn+LK5+J\nTrx0tpoLQIQzrQHroMUHQsTkvoYjk/r/3psADinUVMRtNrSRaYqO9RGYEm39h7nq\nVgw0mWhISsuwIg/oiOj3scJhdzho1EYSfTMXq5uzamSXdlZy7k6t5yqctrf9lfmz\nqxWAMGkCgYEA3A4yZyDgUCFLZB9CrT3Hdf0k3heWqpCkg2FoROPYIguaqXtNlUwi\nvlev10BemVaA4t0M0qu9JY2FV1ikaWdislO+Lm12Q4AJDybuYHTuzNrsn+nHmuSZ\n5fMSyMaKpFBc1HPo8PGCQ6SxdA0VOqzZ9ow4nzWklm0iktN19I1+GmMCgYEA8Bla\n3GZgTxgWc5tGtHGzSL2ffchXebU+LXR6chVv/+qXwnXiZhmtR+9bcXa/6/YbF8O/\nvuqrz9mqr7vGD9xLlzwqIuwtY8AJQu9KzY9q7sHl0dczxn/XQK1uGhJH49qcS+4q\nIVUkfIUeWfTrnjkErGR+oeRKiSnINUTrYcZlAnMCgYEAwax9D+cPhXbIM8aPmInX\nEzFJUW7RXC0RndANRRSDFPPBm4i6L7xil8P1Ly2oFKzdos2Ki6A7SOHViZqqmVo0\ns16g85vDioUVdBB/nMVNp17HA7dtxhWMnaXh0nNrclKIYTPiwKzOSVqaE9mv5YRc\nEXI4I2fDA+Hpm/Ag0Kv3YKECgYEAkcQS8bQFzH8nQlCHAI329raI2eiDkxSCBz6s\nCA8TzB80u46uQKZeGUosDhq2Mh9cG3VwOAxo+ut/QOmTOZXZHpwcSM9yTxkLhmOY\n2muz0/hL+rXYbS64FEA2lAV9N8xFD6QsV8hFOoPnBV44nfqn57GrX8Ylqlh/gDez\nX8z/DhkCgYAGX4+ikr4JkgI3xUQULrI/we2tWv1nA7EnX/kaxVE5ifsKvuuG/gMb\ne1PEH5dFFKJrKjM1863jSXbCHnMnwA91nHghEd8MNKFxUcKpL3d5JZOiwM9e6b/X\nbEy9XUzP4iBObPQe2wcUxSHFBLO97CwW3sFHogKlciOoO2TSdvIrFA==\n-----END RSA PRIVATE KEY-----\n",
            "public_key_fingerprint_md5": "b8:95:b7:9e:a6:76:fa:a3:6f:33:6a:c6:7d:f1:2d:6f",
            "public_key_openssh": "ssh-rsa AAAAB3NzaC1yc2EAAAADAQABAAABAQDOYxq+DNCEmzrTpD4L5hQx0kfmd+P0Pv/q/CXSs8ne7eQ2oafvGDimNQWV5D69xo0Bzlr5+e2EF9vihaVIG5mc06Gpo7GckCEGzutkfshNFhhM9gtVIhGzfqFrpPUrgKltTdN0GGn01flbCV8i6wcBKHqb8gdwuEq4s+7hf2wnhq+BFf9npAKI7lK2OHUBhgUbpPrrOLlCO2QU1mtnBhmD3MbXqMEF2Pbv5tl86wOoeWKsvjhY3tPgE3TCV42JQzkSlGZql4RKCFSSsjOAVSsdbc8Om+DxczfLImDzkOkVx7pIPFAzKc2xyRwYRlJG6cG0Z1edGAIfMCsiIaKG6aB5\n",
            "public_key_pem": "-----BEGIN PUBLIC KEY-----\nMIIBIjANBgkqhkiG9w0BAQEFAAOCAQ8AMIIBCgKCAQEAzmMavgzQhJs606Q+C+YU\nMdJH5nfj9D7/6vwl0rPJ3u3kNqGn7xg4pjUFleQ+vcaNAc5a+fnthBfb4oWlSBuZ\nnNOhqaOxnJAhBs7rZH7ITRYYTPYLVSIRs36ha6T1K4CpbU3TdBhp9NX5WwlfIusH\nASh6m/IHcLhKuLPu4X9sJ4avgRX/Z6QCiO5Stjh1AYYFG6T66zi5QjtkFNZrZwYZ\ng9zG16jBBdj27+bZfOsDqHlirL44WN7T4BN0wleNiUM5EpRmapeESghUkrIzgFUr\nHW3PDpvg8XM3yyJg85DpFce6SDxQMynNsckcGEZSRunBtGdXnRgCHzArIiGihumg\neQIDAQAB\n-----END PUBLIC KEY-----\n",
            "rsa_bits": 2048
          },
          "private": "bnVsbA=="
        }
      ]
    },
    {
      "module": "module.efk",
      "mode": "managed",
      "type": "tls_private_key",
      "name": "reg_private_key",
      "provider": "module.efk.provider.tls",
      "instances": [
        {
          "schema_version": 0,
          "attributes": {
            "algorithm": "RSA",
            "ecdsa_curve": "P224",
            "id": "d2f5b8a28622d9dfb42a4ee891e830579aedd180",
            "private_key_pem": "-----BEGIN RSA PRIVATE KEY-----\nMIIEpAIBAAKCAQEAwJlFu9uls3Yq6OF4GVQOMN70gV56Gla68x7SjQ193inCGd44\nhRr4jYmSZEcjmoOgT0O4EIyiBcS8+g/4a3+efgKUTF0t+55a3VT1ob+zctopaFqh\nzP9lha8jFPMN5zazhsBQRbYPEfTCgl014MvoTigDW/c7lcjc2KxlX/FoAhkhgsv3\nt76jBKVwyYet6idb8Rx+qUPHS6S4Vsfq0KLXo1Vb1/NR6BNxyiR4os7wGqnWtkVr\nua5o86qxG5ehLeqWuSMFihMwHGnVgewGe6zTlOyjIsHpsVYpAEeTJZGY2tOHr2+T\nIOXg/CCTk5N/Upc+Kv1oekA5DLEqe/nnhQ+ADQIDAQABAoIBAQCH+7AAs1SLISOq\nyYbCW1apqsF3lf0gG5xji5+dd6km8tTY7s15LVHQnRF/O7snnUfSrz2GccTzzbSf\n2ibLv49n6OpMAH426de97f5/9Zn9vYr+4v7afnhvqvhaEkH+veCDg8UpcyGwy9+J\nq8YesdmTVS0KAcVQPEGxugbZdti4oUtcKG645if5AnLtfkqvzk0uqkMgfXE89Pj+\nK6k0SPYDBqZGvcpQVLGD/FRpe45+G4GqTnJGtKg09NzHuTeccgAM2lNSGmqwQEfH\n063tz0vNqznvNpqoWrI9XcO/y9r/0Aoz3+/porKeHkPSk7hKphOCXdi4wF4E0/sg\nblOar4UBAoGBAO8pL4B//KTYEiIyVeabGZiMQp9ErkEGUX2v7gJmJjcNjCx+c2Vr\nhh7EjM9wjoBTzXH9rWEURfrxxTMsAf8qIVgfzScN2doQbpB0WN71vYm01dpUjvQ6\nSl0HClZoszE7lfNZgvqiLyXG6mCjfyoSb0wO0mQ7YNfGqe+OXLZ2iGgzAoGBAM4o\n0M8zCgsaSFpdNQIvZwIVOvgeeRmZYoKZ5sp/GZrafvQk5XNQHtdPshT7R+qtfSWp\noibbA0HfCSfpzCo3QGly8ucXaYI/cIOuLOHC2hQ/vYOdEURA7kLPuSi+6Cu3yb1j\nJWeUNbCUuFAOZmtjwAiMI25YOkCrX2V7XvCQdTa/AoGBAIxsUkfQ3jar53nMtENC\nrjSzpip92RK08wQpWEZwU9/fRH6bgIX8LDPElCj4nbMbgXV8zWBC1xQRAQiavlFk\nG0/y3DIiH9e57jFDHytKfo9sbmRTYdxknWUhzSAPOaeepNzNoeoncCduNA+p7/B0\nAoVV7pKLisEnFIBjxmwcDNuhAoGAfGCtkcQ2M/qYWkRPfdEBcYVDfXxNDX+3qhmV\n3ueNmBpoa31zHP3ijX4cb4ImolQm47kTBiQuM+iOypDIR1PsPXJHT9qVIiqKBDfq\nBg6bqYnHGYeCak5OMOrHx+hdhDqusN8HKxWEytL+2/XEHtggfEen/KOoCWoa9MvY\nvIQ641sCgYAl60LTaSMQDI69K3ZrGk+fXxrpYXIMlte+u/5qg7i/i63i4iXrvvY7\nNjBjR89bZfrKv8hLPcXpqLtqbCxBA7CK9Yv2teEkUcrryosh/dRsBrdPMKSCjcRg\nGhUjxoZl4oVKvnvDvfxf0fVFaCcH/8V9dSoUGbrhXupnos3+nb2NXg==\n-----END RSA PRIVATE KEY-----\n",
            "public_key_fingerprint_md5": "53:91:ea:46:85:ab:c1:f7:7e:09:2f:95:44:f3:06:9d",
            "public_key_openssh": "ssh-rsa AAAAB3NzaC1yc2EAAAADAQABAAABAQDAmUW726Wzdiro4XgZVA4w3vSBXnoaVrrzHtKNDX3eKcIZ3jiFGviNiZJkRyOag6BPQ7gQjKIFxLz6D/hrf55+ApRMXS37nlrdVPWhv7Ny2iloWqHM/2WFryMU8w3nNrOGwFBFtg8R9MKCXTXgy+hOKANb9zuVyNzYrGVf8WgCGSGCy/e3vqMEpXDJh63qJ1vxHH6pQ8dLpLhWx+rQotejVVvX81HoE3HKJHiizvAaqda2RWu5rmjzqrEbl6Et6pa5IwWKEzAcadWB7AZ7rNOU7KMiwemxVikAR5MlkZja04evb5Mg5eD8IJOTk39Slz4q/Wh6QDkMsSp7+eeFD4AN\n",
            "public_key_pem": "-----BEGIN PUBLIC KEY-----\nMIIBIjANBgkqhkiG9w0BAQEFAAOCAQ8AMIIBCgKCAQEAwJlFu9uls3Yq6OF4GVQO\nMN70gV56Gla68x7SjQ193inCGd44hRr4jYmSZEcjmoOgT0O4EIyiBcS8+g/4a3+e\nfgKUTF0t+55a3VT1ob+zctopaFqhzP9lha8jFPMN5zazhsBQRbYPEfTCgl014Mvo\nTigDW/c7lcjc2KxlX/FoAhkhgsv3t76jBKVwyYet6idb8Rx+qUPHS6S4Vsfq0KLX\no1Vb1/NR6BNxyiR4os7wGqnWtkVrua5o86qxG5ehLeqWuSMFihMwHGnVgewGe6zT\nlOyjIsHpsVYpAEeTJZGY2tOHr2+TIOXg/CCTk5N/Upc+Kv1oekA5DLEqe/nnhQ+A\nDQIDAQAB\n-----END PUBLIC KEY-----\n",
            "rsa_bits": 2048
          },
          "private": "bnVsbA=="
        }
      ]
    }
  ]
}
